
Microsoft Visual Studio Solution File, Format Version 12.00
# Visual Studio Version 17
VisualStudioVersion = 17.13.35806.99 d17.13
MinimumVisualStudioVersion = 10.0.40219.1
Project("{FAE04EC0-301F-11D3-BF4B-00C04F79EFBC}") = "FormAuthentication", "FormAuthentication\FormAuthentication.csproj", "{F6640D22-1D7A-4BE7-969C-486BC42619FD}"
EndProject
Global
	GlobalSection(SolutionConfigurationPlatforms) = preSolution
		Debug|Any CPU = Debug|Any CPU
		Release|Any CPU = Release|Any CPU
	EndGlobalSection
	GlobalSection(ProjectConfigurationPlatforms) = postSolution
		{F6640D22-1D7A-4BE7-969C-486BC42619FD}.Debug|Any CPU.ActiveCfg = Debug|Any CPU
		{F6640D22-1D7A-4BE7-969C-486BC42619FD}.Debug|Any CPU.Build.0 = Debug|Any CPU
		{F6640D22-1D7A-4BE7-969C-486BC42619FD}.Release|Any CPU.ActiveCfg = Release|Any CPU
		{F6640D22-1D7A-4BE7-969C-486BC42619FD}.Release|Any CPU.Build.0 = Release|Any CPU
	EndGlobalSection
	GlobalSection(SolutionProperties) = preSolution
		HideSolutionNode = FALSE
	EndGlobalSection
	GlobalSection(ExtensibilityGlobals) = postSolution
		SolutionGuid = {D2AB3457-42E0-4962-A9E9-CEF25019E5FD}
	EndGlobalSection
EndGlobal
